
Microsoft Visual Studio Solution File, Format Version 12.00
# Visual Studio Version 16
VisualStudioVersion = 16.0.31729.503
MinimumVisualStudioVersion = 10.0.40219.1
Project("{8BC9CEB8-8B4A-11D0-8D11-00A0C91BC942}") = "Test", "Test\Test.vcxproj", "{F15AD161-3558-45E2-8FF3-D17C71F8661D}"
EndProject
Global
	GlobalSection(SolutionConfigurationPlatforms) = preSolution
		Debug|x64 = Debug|x64
		Debug|x86 = Debug|x86
		Release|x64 = Release|x64
		Release|x86 = Release|x86
	EndGlobalSection
	GlobalSection(ProjectConfigurationPlatforms) = postSolution
		{F15AD161-3558-45E2-8FF3-D17C71F8661D}.Debug|x64.ActiveCfg = Debug|x64
		{F15AD161-3558-45E2-8FF3-D17C71F8661D}.Debug|x64.Build.0 = Debug|x64
		{F15AD161-3558-45E2-8FF3-D17C71F8661D}.Debug|x86.ActiveCfg = Debug|Win32
		{F15AD161-3558-45E2-8FF3-D17C71F8661D}.Debug|x86.Build.0 = Debug|Win32
		{F15AD161-3558-45E2-8FF3-D17C71F8661D}.Release|x64.ActiveCfg = Release|x64
		{F15AD161-3558-45E2-8FF3-D17C71F8661D}.Release|x64.Build.0 = Release|x64
		{F15AD161-3558-45E2-8FF3-D17C71F8661D}.Release|x86.ActiveCfg = Release|Win32
		{F15AD161-3558-45E2-8FF3-D17C71F8661D}.Release|x86.Build.0 = Release|Win32
	EndGlobalSection
	GlobalSection(SolutionProperties) = preSolution
		HideSolutionNode = FALSE
	EndGlobalSection
	GlobalSection(ExtensibilityGlobals) = postSolution
		SolutionGuid = {F9AA2171-A21A-4130-B834-71D033CE19A0}
	EndGlobalSection
EndGlobal
